// !$*UTF8*$!
{
	archiveVersion = 1;
	classes = {
	};
	objectVersion = 46;
	objects = {

/* Begin PBXBuildFile section */
		B6BF908E1DA22B09000F874D /* main.m in Sources */ = {isa = PBXBuildFile; fileRef = B6BF908D1DA22B09000F874D /* main.m */; };
		B6BF90911DA22B09000F874D /* AppDelegate.m in Sources */ = {isa = PBXBuildFile; fileRef = B6BF90901DA22B09000F874D /* AppDelegate.m */; };
		B6BF90941DA22B09000F874D /* ViewController.m in Sources */ = {isa = PBXBuildFile; fileRef = B6BF90931DA22B09000F874D /* ViewController.m */; };
		B6BF90971DA22B09000F874D /* Main.storyboard in Resources */ = {isa = PBXBuildFile; fileRef = B6BF90951DA22B09000F874D /* Main.storyboard */; };
		B6BF90991DA22B09000F874D /* Assets.xcassets in Resources */ = {isa = PBXBuildFile; fileRef = B6BF90981DA22B09000F874D /* Assets.xcassets */; };
		B6BF909C1DA22B09000F874D /* LaunchScreen.storyboard in Resources */ = {isa = PBXBuildFile; fileRef = B6BF909A1DA22B09000F874D /* LaunchScreen.storyboard */; };
/* End PBXBuildFile section */

/* Begin PBXFileReference section */
		B6BF90891DA22B09000F874D /* PhotoTake.app */ = {isa = PBXFileReference; explicitFileType = wrapper.application; includeInIndex = 0; path = PhotoTake.app; sourceTree = BUILT_PRODUCTS_DIR; };
		B6BF908D1DA22B09000F874D /* main.m */ = {isa = PBXFileReference; lastKnownFileType = sourcecode.c.objc; path = main.m; sourceTree = "<group>"; };
		B6BF908F1DA22B09000F874D /* AppDelegate.h */ = {isa = PBXFileReference; lastKnownFileType = sourcecode.c.h; path = AppDelegate.h; sourceTree = "<group>"; };
		B6BF90901DA22B09000F874D /* AppDelegate.m */ = {isa = PBXFileReference; lastKnownFileType = sourcecode.c.objc; path = AppDelegate.m; sourceTree = "<group>"; };
		B6BF90921DA22B09000F874D /* ViewController.h */ = {isa = PBXFileReference; lastKnownFileType = sourcecode.c.h; path = ViewController.h; sourceTree = "<group>"; };
		B6BF90931DA22B09000F874D /* ViewController.m */ = {isa = PBXFileReference; lastKnownFileType = sourcecode.c.objc; path = ViewController.m; sourceTree = "<group>"; };
		B6BF90961DA22B09000F874D /* Base */ = {isa = PBXFileReference; lastKnownFileType = file.storyboard; name = Base; path = Base.lproj/Main.storyboard; sourceTree = "<group>"; };
		B6BF90981DA22B09000F874D /* Assets.xcassets */ = {isa = PBXFileReference; lastKnownFileType = folder.assetcatalog; path = Assets.xcassets; sourceTree = "<group>"; };
		B6BF909B1DA22B09000F874D /* Base */ = {isa = PBXFileReference; lastKnownFileType = file.storyboard; name = Base; path = Base.lproj/LaunchScreen.storyboard; sourceTree = "<group>"; };
		B6BF909D1DA22B09000F874D /* Info.plist */ = {isa = PBXFileReference; lastKnownFileType = text.plist.xml; path = Info.plist; sourceTree = "<group>"; };
/* End PBXFileReference section */

/* Begin PBXFrameworksBuildPhase section */
		B6BF90861DA22B09000F874D /* Frameworks */ = {
			isa = PBXFrameworksBuildPhase;
			buildActionMask = 2147483647;
			files = (
			);
			runOnlyForDeploymentPostprocessing = 0;
		};
/* End PBXFrameworksBuildPhase section */

/* Begin PBXGroup section */
		B6BF90801DA22B09000F874D = {
			isa = PBXGroup;
			children = (
				B6BF908B1DA22B09000F874D /* PhotoTake */,
				B6BF908A1DA22B09000F874D /* Products */,
			);
			sourceTree = "<group>";
		};
		B6BF908A1DA22B09000F874D /* Products */ = {
			isa = PBXGroup;
			children = (
				B6BF90891DA22B09000F874D /* PhotoTake.app */,
			);
			name = Products;
			sourceTree = "<group>";
		};
		B6BF908B1DA22B09000F874D /* PhotoTake */ = {
			isa = PBXGroup;
			children = (
				B6BF908F1DA22B09000F874D /* AppDelegate.h */,
				B6BF90901DA22B09000F874D /* AppDelegate.m */,
				B6BF90921DA22B09000F874D /* ViewController.h */,
				B6BF90931DA22B09000F874D /* ViewController.m */,
				B6BF90951DA22B09000F874D /* Main.storyboard */,
				B6BF90981DA22B09000F874D /* Assets.xcassets */,
				B6BF909A1DA22B09000F874D /* LaunchScreen.storyboard */,
				B6BF909D1DA22B09000F874D /* Info.plist */,
				B6BF908C1DA22B09000F874D /* Supporting Files */,
			);
			path = PhotoTake;
			sourceTree = "<group>";
		};
		B6BF908C1DA22B09000F874D /* Supporting Files */ = {
			isa = PBXGroup;
			children = (
				B6BF908D1DA22B09000F874D /* main.m */,
			);
			name = "Supporting Files";
			sourceTree = "<group>";
		};
/* End PBXGroup section */

/* Begin PBXNativeTarget section */
		B6BF90881DA22B09000F874D /* PhotoTake */ = {
			isa = PBXNativeTarget;
			buildConfigurationList = B6BF90A01DA22B09000F874D /* Build configuration list for PBXNativeTarget "PhotoTake" */;
			buildPhases = (
				B6BF90851DA22B09000F874D /* Sources */,
				B6BF90861DA22B09000F874D /* Frameworks */,
				B6BF90871DA22B09000F874D /* Resources */,
			);
			buildRules = (
			);
			dependencies = (
			);
			name = PhotoTake;
			productName = PhotoTake;
			productReference = B6BF90891DA22B09000F874D /* PhotoTake.app */;
			productType = "com.apple.product-type.application";
		};
/* End PBXNativeTarget section */

/* Begin PBXProject section */
		B6BF90811DA22B09000F874D /* Project object */ = {
			isa = PBXProject;
			attributes = {
				LastUpgradeCheck = 0730;
				ORGANIZATIONNAME = "Xinyu Liang";
				TargetAttributes = {
					B6BF90881DA22B09000F874D = {
						CreatedOnToolsVersion = 7.3;
					};
				};
			};
			buildConfigurationList = B6BF90841DA22B09000F874D /* Build configuration list for PBXProject "PhotoTake" */;
			compatibilityVersion = "Xcode 3.2";
			developmentRegion = English;
			hasScannedForEncodings = 0;
			knownRegions = (
				en,
				Base,
			);
			mainGroup = B6BF90801DA22B09000F874D;
			productRefGroup = B6BF908A1DA22B09000F874D /* Products */;
			projectDirPath = "";
			projectRoot = "";
			targets = (
				B6BF90881DA22B09000F874D /* PhotoTake */,
			);
		};
/* End PBXProject section */

/* Begin PBXResourcesBuildPhase section */
		B6BF90871DA22B09000F874D /* Resources */ = {
			isa = PBXResourcesBuildPhase;
			buildActionMask = 2147483647;
			files = (
				B6BF909C1DA22B09000F874D /* LaunchScreen.storyboard in Resources */,
				B6BF90991DA22B09000F874D /* Assets.xcassets in Resources */,
				B6BF90971DA22B09000F874D /* Main.storyboard in Resources */,
			);
			runOnlyForDeploymentPostprocessing = 0;
		};
/* End PBXResourcesBuildPhase section */

/* Begin PBXSourcesBuildPhase section */
		B6BF90851DA22B09000F874D /* Sources */ = {
			isa = PBXSourcesBuildPhase;
			buildActionMask = 2147483647;
			files = (
				B6BF90941DA22B09000F874D /* ViewController.m in Sources */,
				B6BF90911DA22B09000F874D /* AppDelegate.m in Sources */,
				B6BF908E1DA22B09000F874D /* main.m in Sources */,
			);
			runOnlyForDeploymentPostprocessing = 0;
		};
/* End PBXSourcesBuildPhase section */

/* Begin PBXVariantGroup section */
		B6BF90951DA22B09000F874D /* Main.storyboard */ = {
			isa = PBXVariantGroup;
			children = (
				B6BF90961DA22B09000F874D /* Base */,
			);
			name = Main.storyboard;
			sourceTree = "<group>";
		};
		B6BF909A1DA22B09000F874D /* LaunchScreen.storyboard */ = {
			isa = PBXVariantGroup;
			children = (
				B6BF909B1DA22B09000F874D /* Base */,
			);
			name = LaunchScreen.storyboard;
			sourceTree = "<group>";
		};
/* End PBXVariantGroup section */

/* Begin XCBuildConfiguration section */
		B6BF909E1DA22B09000F874D /* Debug */ = {
			isa = XCBuildConfiguration;
			buildSettings = {
				ALWAYS_SEARCH_USER_PATHS = NO;
				CLANG_ANALYZER_NONNULL = YES;
				CLANG_CXX_LANGUAGE_STANDARD = "gnu++0x";
				CLANG_CXX_LIBRARY = "libc++";
				CLANG_ENABLE_MODULES = YES;
				CLANG_ENABLE_OBJC_ARC = YES;
				CLANG_WARN_BOOL_CONVERSION = YES;
				CLANG_WARN_CONSTANT_CONVERSION = YES;
				CLANG_WARN_DIRECT_OBJC_ISA_USAGE = YES_ERROR;
				CLANG_WARN_EMPTY_BODY = YES;
				CLANG_WARN_ENUM_CONVERSION = YES;
				CLANG_WARN_INT_CONVERSION = YES;
				CLANG_WARN_OBJC_ROOT_CLASS = YES_ERROR;
				CLANG_WARN_UNREACHABLE_CODE = YES;
				CLANG_WARN__DUPLICATE_METHOD_MATCH = YES;
				"CODE_SIGN_IDENTITY[sdk=iphoneos*]" = "iPhone Developer";
				COPY_PHASE_STRIP = NO;
				DEBUG_INFORMATION_FORMAT = dwarf;
				ENABLE_STRICT_OBJC_MSGSEND = YES;
				ENABLE_TESTABILITY = YES;
				GCC_C_LANGUAGE_STANDARD = gnu99;
				GCC_DYNAMIC_NO_PIC = NO;
				GCC_NO_COMMON_BLOCKS = YES;
				GCC_OPTIMIZATION_LEVEL = 0;
				GCC_PREPROCESSOR_DEFINITIONS = (
					"DEBUG=1",
					"$(inherited)",
				);
				GCC_WARN_64_TO_32_BIT_CONVERSION = YES;
				GCC_WARN_ABOUT_RETURN_TYPE = YES_ERROR;
				GCC_WARN_UNDECLARED_SELECTOR = YES;
				GCC_WARN_UNINITIALIZED_AUTOS = YES_AGGRESSIVE;
				GCC_WARN_UNUSED_FUNCTION = YES;
				GCC_WARN_UNUSED_VARIABLE = YES;
				IPHONEOS_DEPLOYMENT_TARGET = 9.3;
				MTL_ENABLE_DEBUG_INFO = YES;
				ONLY_ACTIVE_ARCH = YES;
				SDKROOT = iphoneos;
				TARGETED_DEVICE_FAMILY = "1,2";
			};
			name = Debug;
		};
		B6BF909F1DA22B09000F874D /* Release */ = {
			isa = XCBuildConfiguration;
			buildSettings = {
				ALWAYS_SEARCH_USER_PATHS = NO;
				CLANG_ANALYZER_NONNULL = YES;
				CLANG_CXX_LANGUAGE_STANDARD = "gnu++0x";
				CLANG_CXX_LIBRARY = "libc++";
				CLANG_ENABLE_MODULES = YES;
				CLANG_ENABLE_OBJC_ARC = YES;
				CLANG_WARN_BOOL_CONVERSION = YES;
				CLANG_WARN_CONSTANT_CONVERSION = YES;
				CLANG_WARN_DIRECT_OBJC_ISA_USAGE = YES_ERROR;
				CLANG_WARN_EMPTY_BODY = YES;
				CLANG_WARN_ENUM_CONVERSION = YES;
				CLANG_WARN_INT_CONVERSION = YES;
				CLANG_WARN_OBJC_ROOT_CLASS = YES_ERROR;
				CLANG_WARN_UNREACHABLE_CODE = YES;
				CLANG_WARN__DUPLICATE_METHOD_MATCH = YES;
				"CODE_SIGN_IDENTITY[sdk=iphoneos*]" = "iPhone Developer";
				COPY_PHASE_STRIP = NO;
				DEBUG_INFORMATION_FORMAT = "dwarf-with-dsym";
				ENABLE_NS_ASSERTIONS = NO;
				ENABLE_STRICT_OBJC_MSGSEND = YES;
				GCC_C_LANGUAGE_STANDARD = gnu99;
				GCC_NO_COMMON_BLOCKS = YES;
				GCC_WARN_64_TO_32_BIT_CONVERSION = YES;
				GCC_WARN_ABOUT_RETURN_TYPE = YES_ERROR;
				GCC_WARN_UNDECLARED_SELECTOR = YES;
				GCC_WARN_UNINITIALIZED_AUTOS = YES_AGGRESSIVE;
				GCC_WARN_UNUSED_FUNCTION = YES;
				GCC_WARN_UNUSED_VARIABLE = YES;
				IPHONEOS_DEPLOYMENT_TARGET = 9.3;
				MTL_ENABLE_DEBUG_INFO = NO;
				SDKROOT = iphoneos;
				TARGETED_DEVICE_FAMILY = "1,2";
				VALIDATE_PRODUCT = YES;
			};
			name = Release;
		};
		B6BF90A11DA22B09000F874D /* Debug */ = {
			isa = XCBuildConfiguration;
			buildSettings = {
				ASSETCATALOG_COMPILER_APPICON_NAME = AppIcon;
				INFOPLIST_FILE = PhotoTake/Info.plist;
				LD_RUNPATH_SEARCH_PATHS = "$(inherited) @executable_path/Frameworks";
				PRODUCT_BUNDLE_IDENTIFIER = lxy.PhotoTake;
				PRODUCT_NAME = "$(TARGET_NAME)";
			};
			name = Debug;
		};
		B6BF90A21DA22B09000F874D /* Release */ = {
			isa = XCBuildConfiguration;
			buildSettings = {
				ASSETCATALOG_COMPILER_APPICON_NAME = AppIcon;
				INFOPLIST_FILE = PhotoTake/Info.plist;
				LD_RUNPATH_SEARCH_PATHS = "$(inherited) @executable_path/Frameworks";
				PRODUCT_BUNDLE_IDENTIFIER = lxy.PhotoTake;
				PRODUCT_NAME = "$(TARGET_NAME)";
			};
			name = Release;
		};
/* End XCBuildConfiguration section */

/* Begin XCConfigurationList section */
		B6BF90841DA22B09000F874D /* Build configuration list for PBXProject "PhotoTake" */ = {
			isa = XCConfigurationList;
			buildConfigurations = (
				B6BF909E1DA22B09000F874D /* Debug */,
				B6BF909F1DA22B09000F874D /* Release */,
			);
			defaultConfigurationIsVisible = 0;
			defaultConfigurationName = Release;
		};
		B6BF90A01DA22B09000F874D /* Build configuration list for PBXNativeTarget "PhotoTake" */ = {
			isa = XCConfigurationList;
			buildConfigurations = (
				B6BF90A11DA22B09000F874D /* Debug */,
				B6BF90A21DA22B09000F874D /* Release */,
			);
			defaultConfigurationIsVisible = 0;
		};
/* End XCConfigurationList section */
	};
	rootObject = B6BF90811DA22B09000F874D /* Project object */;
}
